// !$*UTF8*$!
{
	archiveVersion = 1;
	classes = {
	};
	objectVersion = 46;
	objects = {

/* Begin PBXBuildFile section */
		CB4200011E4BCB7D00E46723 /* main.m in Sources */ = {isa = PBXBuildFile; fileRef = CB4200001E4BCB7D00E46723 /* main.m */; };
		CB4200041E4BCB7D00E46723 /* AppDelegate.m in Sources */ = {isa = PBXBuildFile; fileRef = CB4200031E4BCB7D00E46723 /* AppDelegate.m */; };
		CB42000A1E4BCB7D00E46723 /* Main.storyboard in Resources */ = {isa = PBXBuildFile; fileRef = CB4200081E4BCB7D00E46723 /* Main.storyboard */; };
		CB42000C1E4BCB7D00E46723 /* Assets.xcassets in Resources */ = {isa = PBXBuildFile; fileRef = CB42000B1E4BCB7D00E46723 /* Assets.xcassets */; };
		CB42000F1E4BCB7D00E46723 /* LaunchScreen.storyboard in Resources */ = {isa = PBXBuildFile; fileRef = CB42000D1E4BCB7D00E46723 /* LaunchScreen.storyboard */; };
		CB4200181E4BCCC300E46723 /* NumbersTableViewController.m in Sources */ = {isa = PBXBuildFile; fileRef = CB4200171E4BCCC300E46723 /* NumbersTableViewController.m */; };
/* End PBXBuildFile section */

/* Begin PBXFileReference section */
		CB4200001E4BCB7D00E46723 /* main.m */ = {isa = PBXFileReference; lastKnownFileType = sourcecode.c.objc; path = main.m; sourceTree = "<group>"; };
		CB4200021E4BCB7D00E46723 /* AppDelegate.h */ = {isa = PBXFileReference; lastKnownFileType = sourcecode.c.h; path = AppDelegate.h; sourceTree = "<group>"; };
		CB4200031E4BCB7D00E46723 /* AppDelegate.m */ = {isa = PBXFileReference; lastKnownFileType = sourcecode.c.objc; path = AppDelegate.m; sourceTree = "<group>"; };
		CB4200091E4BCB7D00E46723 /* Base */ = {isa = PBXFileReference; lastKnownFileType = file.storyboard; name = Base; path = Base.lproj/Main.storyboard; sourceTree = "<group>"; };
		CB42000B1E4BCB7D00E46723 /* Assets.xcassets */ = {isa = PBXFileReference; lastKnownFileType = folder.assetcatalog; path = Assets.xcassets; sourceTree = "<group>"; };
		CB42000E1E4BCB7D00E46723 /* Base */ = {isa = PBXFileReference; lastKnownFileType = file.storyboard; name = Base; path = Base.lproj/LaunchScreen.storyboard; sourceTree = "<group>"; };
		CB4200101E4BCB7D00E46723 /* Info.plist */ = {isa = PBXFileReference; lastKnownFileType = text.plist.xml; path = Info.plist; sourceTree = "<group>"; };
		CB4200161E4BCCC300E46723 /* NumbersTableViewController.h */ = {isa = PBXFileReference; fileEncoding = 4; lastKnownFileType = sourcecode.c.h; path = NumbersTableViewController.h; sourceTree = "<group>"; };
		CB4200171E4BCCC300E46723 /* NumbersTableViewController.m */ = {isa = PBXFileReference; fileEncoding = 4; lastKnownFileType = sourcecode.c.objc; path = NumbersTableViewController.m; sourceTree = "<group>"; };
		CB42FFFC1E4BCB7D00E46723 /* Tarea1CarlosSolano.app */ = {isa = PBXFileReference; explicitFileType = wrapper.application; includeInIndex = 0; path = Tarea1CarlosSolano.app; sourceTree = BUILT_PRODUCTS_DIR; };
/* End PBXFileReference section */

/* Begin PBXFrameworksBuildPhase section */
		CB42FFF91E4BCB7C00E46723 /* Frameworks */ = {
			isa = PBXFrameworksBuildPhase;
			buildActionMask = 2147483647;
			files = (
			);
			runOnlyForDeploymentPostprocessing = 0;
		};
/* End PBXFrameworksBuildPhase section */

/* Begin PBXGroup section */
		CB42FFF31E4BCB7C00E46723 = {
			isa = PBXGroup;
			children = (
				CB42FFFE1E4BCB7D00E46723 /* Tarea1CarlosSolano */,
				CB42FFFD1E4BCB7D00E46723 /* Products */,
			);
			sourceTree = "<group>";
		};
		CB42FFFD1E4BCB7D00E46723 /* Products */ = {
			isa = PBXGroup;
			children = (
				CB42FFFC1E4BCB7D00E46723 /* Tarea1CarlosSolano.app */,
			);
			name = Products;
			sourceTree = "<group>";
		};
		CB42FFFE1E4BCB7D00E46723 /* Tarea1CarlosSolano */ = {
			isa = PBXGroup;
			children = (
				CB4200021E4BCB7D00E46723 /* AppDelegate.h */,
				CB4200031E4BCB7D00E46723 /* AppDelegate.m */,
				CB4200081E4BCB7D00E46723 /* Main.storyboard */,
				CB42000B1E4BCB7D00E46723 /* Assets.xcassets */,
				CB42000D1E4BCB7D00E46723 /* LaunchScreen.storyboard */,
				CB4200101E4BCB7D00E46723 /* Info.plist */,
				CB42FFFF1E4BCB7D00E46723 /* Supporting Files */,
				CB4200161E4BCCC300E46723 /* NumbersTableViewController.h */,
				CB4200171E4BCCC300E46723 /* NumbersTableViewController.m */,
			);
			path = Tarea1CarlosSolano;
			sourceTree = "<group>";
		};
		CB42FFFF1E4BCB7D00E46723 /* Supporting Files */ = {
			isa = PBXGroup;
			children = (
				CB4200001E4BCB7D00E46723 /* main.m */,
			);
			name = "Supporting Files";
			sourceTree = "<group>";
		};
/* End PBXGroup section */

/* Begin PBXNativeTarget section */
		CB42FFFB1E4BCB7C00E46723 /* Tarea1CarlosSolano */ = {
			isa = PBXNativeTarget;
			buildConfigurationList = CB4200131E4BCB7D00E46723 /* Build configuration list for PBXNativeTarget "Tarea1CarlosSolano" */;
			buildPhases = (
				CB42FFF81E4BCB7C00E46723 /* Sources */,
				CB42FFF91E4BCB7C00E46723 /* Frameworks */,
				CB42FFFA1E4BCB7C00E46723 /* Resources */,
			);
			buildRules = (
			);
			dependencies = (
			);
			name = Tarea1CarlosSolano;
			productName = Tarea1CarlosSolano;
			productReference = CB42FFFC1E4BCB7D00E46723 /* Tarea1CarlosSolano.app */;
			productType = "com.apple.product-type.application";
		};
/* End PBXNativeTarget section */

/* Begin PBXProject section */
		CB42FFF41E4BCB7C00E46723 /* Project object */ = {
			isa = PBXProject;
			attributes = {
				LastUpgradeCheck = 0820;
				ORGANIZATIONNAME = "Carlos Solano";
				TargetAttributes = {
					CB42FFFB1E4BCB7C00E46723 = {
						CreatedOnToolsVersion = 8.2.1;
						ProvisioningStyle = Automatic;
					};
				};
			};
			buildConfigurationList = CB42FFF71E4BCB7C00E46723 /* Build configuration list for PBXProject "Tarea1CarlosSolano" */;
			compatibilityVersion = "Xcode 3.2";
			developmentRegion = English;
			hasScannedForEncodings = 0;
			knownRegions = (
				en,
				Base,
			);
			mainGroup = CB42FFF31E4BCB7C00E46723;
			productRefGroup = CB42FFFD1E4BCB7D00E46723 /* Products */;
			projectDirPath = "";
			projectRoot = "";
			targets = (
				CB42FFFB1E4BCB7C00E46723 /* Tarea1CarlosSolano */,
			);
		};
/* End PBXProject section */

/* Begin PBXResourcesBuildPhase section */
		CB42FFFA1E4BCB7C00E46723 /* Resources */ = {
			isa = PBXResourcesBuildPhase;
			buildActionMask = 2147483647;
			files = (
				CB42000F1E4BCB7D00E46723 /* LaunchScreen.storyboard in Resources */,
				CB42000C1E4BCB7D00E46723 /* Assets.xcassets in Resources */,
				CB42000A1E4BCB7D00E46723 /* Main.storyboard in Resources */,
			);
			runOnlyForDeploymentPostprocessing = 0;
		};
/* End PBXResourcesBuildPhase section */

/* Begin PBXSourcesBuildPhase section */
		CB42FFF81E4BCB7C00E46723 /* Sources */ = {
			isa = PBXSourcesBuildPhase;
			buildActionMask = 2147483647;
			files = (
				CB4200041E4BCB7D00E46723 /* AppDelegate.m in Sources */,
				CB4200181E4BCCC300E46723 /* NumbersTableViewController.m in Sources */,
				CB4200011E4BCB7D00E46723 /* main.m in Sources */,
			);
			runOnlyForDeploymentPostprocessing = 0;
		};
/* End PBXSourcesBuildPhase section */

/* Begin PBXVariantGroup section */
		CB4200081E4BCB7D00E46723 /* Main.storyboard */ = {
			isa = PBXVariantGroup;
			children = (
				CB4200091E4BCB7D00E46723 /* Base */,
			);
			name = Main.storyboard;
			sourceTree = "<group>";
		};
		CB42000D1E4BCB7D00E46723 /* LaunchScreen.storyboard */ = {
			isa = PBXVariantGroup;
			children = (
				CB42000E1E4BCB7D00E46723 /* Base */,
			);
			name = LaunchScreen.storyboard;
			sourceTree = "<group>";
		};
/* End PBXVariantGroup section */

/* Begin XCBuildConfiguration section */
		CB4200111E4BCB7D00E46723 /* Debug */ = {
			isa = XCBuildConfiguration;
			buildSettings = {
				ALWAYS_SEARCH_USER_PATHS = NO;
				CLANG_ANALYZER_NONNULL = YES;
				CLANG_CXX_LANGUAGE_STANDARD = "gnu++0x";
				CLANG_CXX_LIBRARY = "libc++";
				CLANG_ENABLE_MODULES = YES;
				CLANG_ENABLE_OBJC_ARC = YES;
				CLANG_WARN_BOOL_CONVERSION = YES;
				CLANG_WARN_CONSTANT_CONVERSION = YES;
				CLANG_WARN_DIRECT_OBJC_ISA_USAGE = YES_ERROR;
				CLANG_WARN_DOCUMENTATION_COMMENTS = YES;
				CLANG_WARN_EMPTY_BODY = YES;
				CLANG_WARN_ENUM_CONVERSION = YES;
				CLANG_WARN_INFINITE_RECURSION = YES;
				CLANG_WARN_INT_CONVERSION = YES;
				CLANG_WARN_OBJC_ROOT_CLASS = YES_ERROR;
				CLANG_WARN_SUSPICIOUS_MOVE = YES;
				CLANG_WARN_UNREACHABLE_CODE = YES;
				CLANG_WARN__DUPLICATE_METHOD_MATCH = YES;
				"CODE_SIGN_IDENTITY[sdk=iphoneos*]" = "iPhone Developer";
				COPY_PHASE_STRIP = NO;
				DEBUG_INFORMATION_FORMAT = dwarf;
				ENABLE_STRICT_OBJC_MSGSEND = YES;
				ENABLE_TESTABILITY = YES;
				GCC_C_LANGUAGE_STANDARD = gnu99;
				GCC_DYNAMIC_NO_PIC = NO;
				GCC_NO_COMMON_BLOCKS = YES;
				GCC_OPTIMIZATION_LEVEL = 0;
				GCC_PREPROCESSOR_DEFINITIONS = (
					"DEBUG=1",
					"$(inherited)",
				);
				GCC_WARN_64_TO_32_BIT_CONVERSION = YES;
				GCC_WARN_ABOUT_RETURN_TYPE = YES_ERROR;
				GCC_WARN_UNDECLARED_SELECTOR = YES;
				GCC_WARN_UNINITIALIZED_AUTOS = YES_AGGRESSIVE;
				GCC_WARN_UNUSED_FUNCTION = YES;
				GCC_WARN_UNUSED_VARIABLE = YES;
				IPHONEOS_DEPLOYMENT_TARGET = 10.2;
				MTL_ENABLE_DEBUG_INFO = YES;
				ONLY_ACTIVE_ARCH = YES;
				SDKROOT = iphoneos;
			};
			name = Debug;
		};
		CB4200121E4BCB7D00E46723 /* Release */ = {
			isa = XCBuildConfiguration;
			buildSettings = {
				ALWAYS_SEARCH_USER_PATHS = NO;
				CLANG_ANALYZER_NONNULL = YES;
				CLANG_CXX_LANGUAGE_STANDARD = "gnu++0x";
				CLANG_CXX_LIBRARY = "libc++";
				CLANG_ENABLE_MODULES = YES;
				CLANG_ENABLE_OBJC_ARC = YES;
				CLANG_WARN_BOOL_CONVERSION = YES;
				CLANG_WARN_CONSTANT_CONVERSION = YES;
				CLANG_WARN_DIRECT_OBJC_ISA_USAGE = YES_ERROR;
				CLANG_WARN_DOCUMENTATION_COMMENTS = YES;
				CLANG_WARN_EMPTY_BODY = YES;
				CLANG_WARN_ENUM_CONVERSION = YES;
				CLANG_WARN_INFINITE_RECURSION = YES;
				CLANG_WARN_INT_CONVERSION = YES;
				CLANG_WARN_OBJC_ROOT_CLASS = YES_ERROR;
				CLANG_WARN_SUSPICIOUS_MOVE = YES;
				CLANG_WARN_UNREACHABLE_CODE = YES;
				CLANG_WARN__DUPLICATE_METHOD_MATCH = YES;
				"CODE_SIGN_IDENTITY[sdk=iphoneos*]" = "iPhone Developer";
				COPY_PHASE_STRIP = NO;
				DEBUG_INFORMATION_FORMAT = "dwarf-with-dsym";
				ENABLE_NS_ASSERTIONS = NO;
				ENABLE_STRICT_OBJC_MSGSEND = YES;
				GCC_C_LANGUAGE_STANDARD = gnu99;
				GCC_NO_COMMON_BLOCKS = YES;
				GCC_WARN_64_TO_32_BIT_CONVERSION = YES;
				GCC_WARN_ABOUT_RETURN_TYPE = YES_ERROR;
				GCC_WARN_UNDECLARED_SELECTOR = YES;
				GCC_WARN_UNINITIALIZED_AUTOS = YES_AGGRESSIVE;
				GCC_WARN_UNUSED_FUNCTION = YES;
				GCC_WARN_UNUSED_VARIABLE = YES;
				IPHONEOS_DEPLOYMENT_TARGET = 10.2;
				MTL_ENABLE_DEBUG_INFO = NO;
				SDKROOT = iphoneos;
				VALIDATE_PRODUCT = YES;
			};
			name = Release;
		};
		CB4200141E4BCB7D00E46723 /* Debug */ = {
			isa = XCBuildConfiguration;
			buildSettings = {
				ASSETCATALOG_COMPILER_APPICON_NAME = AppIcon;
				INFOPLIST_FILE = Tarea1CarlosSolano/Info.plist;
				LD_RUNPATH_SEARCH_PATHS = "$(inherited) @executable_path/Frameworks";
				PRODUCT_BUNDLE_IDENTIFIER = com.task1.Tarea1CarlosSolano;
				PRODUCT_NAME = "$(TARGET_NAME)";
			};
			name = Debug;
		};
		CB4200151E4BCB7D00E46723 /* Release */ = {
			isa = XCBuildConfiguration;
			buildSettings = {
				ASSETCATALOG_COMPILER_APPICON_NAME = AppIcon;
				INFOPLIST_FILE = Tarea1CarlosSolano/Info.plist;
				LD_RUNPATH_SEARCH_PATHS = "$(inherited) @executable_path/Frameworks";
				PRODUCT_BUNDLE_IDENTIFIER = com.task1.Tarea1CarlosSolano;
				PRODUCT_NAME = "$(TARGET_NAME)";
			};
			name = Release;
		};
/* End XCBuildConfiguration section */

/* Begin XCConfigurationList section */
		CB4200131E4BCB7D00E46723 /* Build configuration list for PBXNativeTarget "Tarea1CarlosSolano" */ = {
			isa = XCConfigurationList;
			buildConfigurations = (
				CB4200141E4BCB7D00E46723 /* Debug */,
				CB4200151E4BCB7D00E46723 /* Release */,
			);
			defaultConfigurationIsVisible = 0;
		};
		CB42FFF71E4BCB7C00E46723 /* Build configuration list for PBXProject "Tarea1CarlosSolano" */ = {
			isa = XCConfigurationList;
			buildConfigurations = (
				CB4200111E4BCB7D00E46723 /* Debug */,
				CB4200121E4BCB7D00E46723 /* Release */,
			);
			defaultConfigurationIsVisible = 0;
			defaultConfigurationName = Release;
		};
/* End XCConfigurationList section */
	};
	rootObject = CB42FFF41E4BCB7C00E46723 /* Project object */;
}
